// !$*UTF8*$!
{
	archiveVersion = 1;
	classes = {
	};
	objectVersion = 50;
	objects = {

/* Begin PBXBuildFile section */
		4493A00720F76A4D004AE81E /* AppDelegate.m in Sources */ = {isa = PBXBuildFile; fileRef = 4493A00620F76A4D004AE81E /* AppDelegate.m */; };
		4493A00A20F76A4D004AE81E /* ViewController.m in Sources */ = {isa = PBXBuildFile; fileRef = 4493A00920F76A4D004AE81E /* ViewController.m */; };
		4493A00D20F76A4D004AE81E /* Main.storyboard in Resources */ = {isa = PBXBuildFile; fileRef = 4493A00B20F76A4D004AE81E /* Main.storyboard */; };
		4493A00F20F76A4F004AE81E /* Assets.xcassets in Resources */ = {isa = PBXBuildFile; fileRef = 4493A00E20F76A4E004AE81E /* Assets.xcassets */; };
		4493A01220F76A4F004AE81E /* LaunchScreen.storyboard in Resources */ = {isa = PBXBuildFile; fileRef = 4493A01020F76A4F004AE81E /* LaunchScreen.storyboard */; };
		4493A01520F76A4F004AE81E /* main.m in Sources */ = {isa = PBXBuildFile; fileRef = 4493A01420F76A4F004AE81E /* main.m */; };
		4493A01F20F76A4F004AE81E /* SemaphoreAndBoltsTests.m in Sources */ = {isa = PBXBuildFile; fileRef = 4493A01E20F76A4F004AE81E /* SemaphoreAndBoltsTests.m */; };
		4493A02A20F76A4F004AE81E /* SemaphoreAndBoltsUITests.m in Sources */ = {isa = PBXBuildFile; fileRef = 4493A02920F76A4F004AE81E /* SemaphoreAndBoltsUITests.m */; };
/* End PBXBuildFile section */

/* Begin PBXContainerItemProxy section */
		4493A01B20F76A4F004AE81E /* PBXContainerItemProxy */ = {
			isa = PBXContainerItemProxy;
			containerPortal = 44939FFA20F76A4C004AE81E /* Project object */;
			proxyType = 1;
			remoteGlobalIDString = 4493A00120F76A4D004AE81E;
			remoteInfo = SemaphoreAndBolts;
		};
		4493A02620F76A4F004AE81E /* PBXContainerItemProxy */ = {
			isa = PBXContainerItemProxy;
			containerPortal = 44939FFA20F76A4C004AE81E /* Project object */;
			proxyType = 1;
			remoteGlobalIDString = 4493A00120F76A4D004AE81E;
			remoteInfo = SemaphoreAndBolts;
		};
/* End PBXContainerItemProxy section */

/* Begin PBXFileReference section */
		4493A00220F76A4D004AE81E /* SemaphoreAndBolts.app */ = {isa = PBXFileReference; explicitFileType = wrapper.application; includeInIndex = 0; path = SemaphoreAndBolts.app; sourceTree = BUILT_PRODUCTS_DIR; };
		4493A00520F76A4D004AE81E /* AppDelegate.h */ = {isa = PBXFileReference; lastKnownFileType = sourcecode.c.h; path = AppDelegate.h; sourceTree = "<group>"; };
		4493A00620F76A4D004AE81E /* AppDelegate.m */ = {isa = PBXFileReference; lastKnownFileType = sourcecode.c.objc; path = AppDelegate.m; sourceTree = "<group>"; };
		4493A00820F76A4D004AE81E /* ViewController.h */ = {isa = PBXFileReference; lastKnownFileType = sourcecode.c.h; path = ViewController.h; sourceTree = "<group>"; };
		4493A00920F76A4D004AE81E /* ViewController.m */ = {isa = PBXFileReference; lastKnownFileType = sourcecode.c.objc; path = ViewController.m; sourceTree = "<group>"; };
		4493A00C20F76A4D004AE81E /* Base */ = {isa = PBXFileReference; lastKnownFileType = file.storyboard; name = Base; path = Base.lproj/Main.storyboard; sourceTree = "<group>"; };
		4493A00E20F76A4E004AE81E /* Assets.xcassets */ = {isa = PBXFileReference; lastKnownFileType = folder.assetcatalog; path = Assets.xcassets; sourceTree = "<group>"; };
		4493A01120F76A4F004AE81E /* Base */ = {isa = PBXFileReference; lastKnownFileType = file.storyboard; name = Base; path = Base.lproj/LaunchScreen.storyboard; sourceTree = "<group>"; };
		4493A01320F76A4F004AE81E /* Info.plist */ = {isa = PBXFileReference; lastKnownFileType = text.plist.xml; path = Info.plist; sourceTree = "<group>"; };
		4493A01420F76A4F004AE81E /* main.m */ = {isa = PBXFileReference; lastKnownFileType = sourcecode.c.objc; path = main.m; sourceTree = "<group>"; };
		4493A01A20F76A4F004AE81E /* SemaphoreAndBoltsTests.xctest */ = {isa = PBXFileReference; explicitFileType = wrapper.cfbundle; includeInIndex = 0; path = SemaphoreAndBoltsTests.xctest; sourceTree = BUILT_PRODUCTS_DIR; };
		4493A01E20F76A4F004AE81E /* SemaphoreAndBoltsTests.m */ = {isa = PBXFileReference; lastKnownFileType = sourcecode.c.objc; path = SemaphoreAndBoltsTests.m; sourceTree = "<group>"; };
		4493A02020F76A4F004AE81E /* Info.plist */ = {isa = PBXFileReference; lastKnownFileType = text.plist.xml; path = Info.plist; sourceTree = "<group>"; };
		4493A02520F76A4F004AE81E /* SemaphoreAndBoltsUITests.xctest */ = {isa = PBXFileReference; explicitFileType = wrapper.cfbundle; includeInIndex = 0; path = SemaphoreAndBoltsUITests.xctest; sourceTree = BUILT_PRODUCTS_DIR; };
		4493A02920F76A4F004AE81E /* SemaphoreAndBoltsUITests.m */ = {isa = PBXFileReference; lastKnownFileType = sourcecode.c.objc; path = SemaphoreAndBoltsUITests.m; sourceTree = "<group>"; };
		4493A02B20F76A4F004AE81E /* Info.plist */ = {isa = PBXFileReference; lastKnownFileType = text.plist.xml; path = Info.plist; sourceTree = "<group>"; };
/* End PBXFileReference section */

/* Begin PBXFrameworksBuildPhase section */
		44939FFF20F76A4D004AE81E /* Frameworks */ = {
			isa = PBXFrameworksBuildPhase;
			buildActionMask = 2147483647;
			files = (
			);
			runOnlyForDeploymentPostprocessing = 0;
		};
		4493A01720F76A4F004AE81E /* Frameworks */ = {
			isa = PBXFrameworksBuildPhase;
			buildActionMask = 2147483647;
			files = (
			);
			runOnlyForDeploymentPostprocessing = 0;
		};
		4493A02220F76A4F004AE81E /* Frameworks */ = {
			isa = PBXFrameworksBuildPhase;
			buildActionMask = 2147483647;
			files = (
			);
			runOnlyForDeploymentPostprocessing = 0;
		};
/* End PBXFrameworksBuildPhase section */

/* Begin PBXGroup section */
		44939FF920F76A4C004AE81E = {
			isa = PBXGroup;
			children = (
				4493A00420F76A4D004AE81E /* SemaphoreAndBolts */,
				4493A01D20F76A4F004AE81E /* SemaphoreAndBoltsTests */,
				4493A02820F76A4F004AE81E /* SemaphoreAndBoltsUITests */,
				4493A00320F76A4D004AE81E /* Products */,
			);
			sourceTree = "<group>";
		};
		4493A00320F76A4D004AE81E /* Products */ = {
			isa = PBXGroup;
			children = (
				4493A00220F76A4D004AE81E /* SemaphoreAndBolts.app */,
				4493A01A20F76A4F004AE81E /* SemaphoreAndBoltsTests.xctest */,
				4493A02520F76A4F004AE81E /* SemaphoreAndBoltsUITests.xctest */,
			);
			name = Products;
			sourceTree = "<group>";
		};
		4493A00420F76A4D004AE81E /* SemaphoreAndBolts */ = {
			isa = PBXGroup;
			children = (
				4493A00520F76A4D004AE81E /* AppDelegate.h */,
				4493A00620F76A4D004AE81E /* AppDelegate.m */,
				4493A00820F76A4D004AE81E /* ViewController.h */,
				4493A00920F76A4D004AE81E /* ViewController.m */,
				4493A00B20F76A4D004AE81E /* Main.storyboard */,
				4493A00E20F76A4E004AE81E /* Assets.xcassets */,
				4493A01020F76A4F004AE81E /* LaunchScreen.storyboard */,
				4493A01320F76A4F004AE81E /* Info.plist */,
				4493A01420F76A4F004AE81E /* main.m */,
			);
			path = SemaphoreAndBolts;
			sourceTree = "<group>";
		};
		4493A01D20F76A4F004AE81E /* SemaphoreAndBoltsTests */ = {
			isa = PBXGroup;
			children = (
				4493A01E20F76A4F004AE81E /* SemaphoreAndBoltsTests.m */,
				4493A02020F76A4F004AE81E /* Info.plist */,
			);
			path = SemaphoreAndBoltsTests;
			sourceTree = "<group>";
		};
		4493A02820F76A4F004AE81E /* SemaphoreAndBoltsUITests */ = {
			isa = PBXGroup;
			children = (
				4493A02920F76A4F004AE81E /* SemaphoreAndBoltsUITests.m */,
				4493A02B20F76A4F004AE81E /* Info.plist */,
			);
			path = SemaphoreAndBoltsUITests;
			sourceTree = "<group>";
		};
/* End PBXGroup section */

/* Begin PBXNativeTarget section */
		4493A00120F76A4D004AE81E /* SemaphoreAndBolts */ = {
			isa = PBXNativeTarget;
			buildConfigurationList = 4493A02E20F76A4F004AE81E /* Build configuration list for PBXNativeTarget "SemaphoreAndBolts" */;
			buildPhases = (
				44939FFE20F76A4D004AE81E /* Sources */,
				44939FFF20F76A4D004AE81E /* Frameworks */,
				4493A00020F76A4D004AE81E /* Resources */,
			);
			buildRules = (
			);
			dependencies = (
			);
			name = SemaphoreAndBolts;
			productName = SemaphoreAndBolts;
			productReference = 4493A00220F76A4D004AE81E /* SemaphoreAndBolts.app */;
			productType = "com.apple.product-type.application";
		};
		4493A01920F76A4F004AE81E /* SemaphoreAndBoltsTests */ = {
			isa = PBXNativeTarget;
			buildConfigurationList = 4493A03120F76A4F004AE81E /* Build configuration list for PBXNativeTarget "SemaphoreAndBoltsTests" */;
			buildPhases = (
				4493A01620F76A4F004AE81E /* Sources */,
				4493A01720F76A4F004AE81E /* Frameworks */,
				4493A01820F76A4F004AE81E /* Resources */,
			);
			buildRules = (
			);
			dependencies = (
				4493A01C20F76A4F004AE81E /* PBXTargetDependency */,
			);
			name = SemaphoreAndBoltsTests;
			productName = SemaphoreAndBoltsTests;
			productReference = 4493A01A20F76A4F004AE81E /* SemaphoreAndBoltsTests.xctest */;
			productType = "com.apple.product-type.bundle.unit-test";
		};
		4493A02420F76A4F004AE81E /* SemaphoreAndBoltsUITests */ = {
			isa = PBXNativeTarget;
			buildConfigurationList = 4493A03420F76A4F004AE81E /* Build configuration list for PBXNativeTarget "SemaphoreAndBoltsUITests" */;
			buildPhases = (
				4493A02120F76A4F004AE81E /* Sources */,
				4493A02220F76A4F004AE81E /* Frameworks */,
				4493A02320F76A4F004AE81E /* Resources */,
			);
			buildRules = (
			);
			dependencies = (
				4493A02720F76A4F004AE81E /* PBXTargetDependency */,
			);
			name = SemaphoreAndBoltsUITests;
			productName = SemaphoreAndBoltsUITests;
			productReference = 4493A02520F76A4F004AE81E /* SemaphoreAndBoltsUITests.xctest */;
			productType = "com.apple.product-type.bundle.ui-testing";
		};
/* End PBXNativeTarget section */

/* Begin PBXProject section */
		44939FFA20F76A4C004AE81E /* Project object */ = {
			isa = PBXProject;
			attributes = {
				LastUpgradeCheck = 0940;
				ORGANIZATIONNAME = lc;
				TargetAttributes = {
					4493A00120F76A4D004AE81E = {
						CreatedOnToolsVersion = 9.4.1;
					};
					4493A01920F76A4F004AE81E = {
						CreatedOnToolsVersion = 9.4.1;
						TestTargetID = 4493A00120F76A4D004AE81E;
					};
					4493A02420F76A4F004AE81E = {
						CreatedOnToolsVersion = 9.4.1;
						TestTargetID = 4493A00120F76A4D004AE81E;
					};
				};
			};
			buildConfigurationList = 44939FFD20F76A4C004AE81E /* Build configuration list for PBXProject "SemaphoreAndBolts" */;
			compatibilityVersion = "Xcode 9.3";
			developmentRegion = en;
			hasScannedForEncodings = 0;
			knownRegions = (
				en,
				Base,
			);
			mainGroup = 44939FF920F76A4C004AE81E;
			productRefGroup = 4493A00320F76A4D004AE81E /* Products */;
			projectDirPath = "";
			projectRoot = "";
			targets = (
				4493A00120F76A4D004AE81E /* SemaphoreAndBolts */,
				4493A01920F76A4F004AE81E /* SemaphoreAndBoltsTests */,
				4493A02420F76A4F004AE81E /* SemaphoreAndBoltsUITests */,
			);
		};
/* End PBXProject section */

/* Begin PBXResourcesBuildPhase section */
		4493A00020F76A4D004AE81E /* Resources */ = {
			isa = PBXResourcesBuildPhase;
			buildActionMask = 2147483647;
			files = (
				4493A01220F76A4F004AE81E /* LaunchScreen.storyboard in Resources */,
				4493A00F20F76A4F004AE81E /* Assets.xcassets in Resources */,
				4493A00D20F76A4D004AE81E /* Main.storyboard in Resources */,
			);
			runOnlyForDeploymentPostprocessing = 0;
		};
		4493A01820F76A4F004AE81E /* Resources */ = {
			isa = PBXResourcesBuildPhase;
			buildActionMask = 2147483647;
			files = (
			);
			runOnlyForDeploymentPostprocessing = 0;
		};
		4493A02320F76A4F004AE81E /* Resources */ = {
			isa = PBXResourcesBuildPhase;
			buildActionMask = 2147483647;
			files = (
			);
			runOnlyForDeploymentPostprocessing = 0;
		};
/* End PBXResourcesBuildPhase section */

/* Begin PBXSourcesBuildPhase section */
		44939FFE20F76A4D004AE81E /* Sources */ = {
			isa = PBXSourcesBuildPhase;
			buildActionMask = 2147483647;
			files = (
				4493A00A20F76A4D004AE81E /* ViewController.m in Sources */,
				4493A01520F76A4F004AE81E /* main.m in Sources */,
				4493A00720F76A4D004AE81E /* AppDelegate.m in Sources */,
			);
			runOnlyForDeploymentPostprocessing = 0;
		};
		4493A01620F76A4F004AE81E /* Sources */ = {
			isa = PBXSourcesBuildPhase;
			buildActionMask = 2147483647;
			files = (
				4493A01F20F76A4F004AE81E /* SemaphoreAndBoltsTests.m in Sources */,
			);
			runOnlyForDeploymentPostprocessing = 0;
		};
		4493A02120F76A4F004AE81E /* Sources */ = {
			isa = PBXSourcesBuildPhase;
			buildActionMask = 2147483647;
			files = (
				4493A02A20F76A4F004AE81E /* SemaphoreAndBoltsUITests.m in Sources */,
			);
			runOnlyForDeploymentPostprocessing = 0;
		};
/* End PBXSourcesBuildPhase section */

/* Begin PBXTargetDependency section */
		4493A01C20F76A4F004AE81E /* PBXTargetDependency */ = {
			isa = PBXTargetDependency;
			target = 4493A00120F76A4D004AE81E /* SemaphoreAndBolts */;
			targetProxy = 4493A01B20F76A4F004AE81E /* PBXContainerItemProxy */;
		};
		4493A02720F76A4F004AE81E /* PBXTargetDependency */ = {
			isa = PBXTargetDependency;
			target = 4493A00120F76A4D004AE81E /* SemaphoreAndBolts */;
			targetProxy = 4493A02620F76A4F004AE81E /* PBXContainerItemProxy */;
		};
/* End PBXTargetDependency section */

/* Begin PBXVariantGroup section */
		4493A00B20F76A4D004AE81E /* Main.storyboard */ = {
			isa = PBXVariantGroup;
			children = (
				4493A00C20F76A4D004AE81E /* Base */,
			);
			name = Main.storyboard;
			sourceTree = "<group>";
		};
		4493A01020F76A4F004AE81E /* LaunchScreen.storyboard */ = {
			isa = PBXVariantGroup;
			children = (
				4493A01120F76A4F004AE81E /* Base */,
			);
			name = LaunchScreen.storyboard;
			sourceTree = "<group>";
		};
/* End PBXVariantGroup section */

/* Begin XCBuildConfiguration section */
		4493A02C20F76A4F004AE81E /* Debug */ = {
			isa = XCBuildConfiguration;
			buildSettings = {
				ALWAYS_SEARCH_USER_PATHS = NO;
				CLANG_ANALYZER_NONNULL = YES;
				CLANG_ANALYZER_NUMBER_OBJECT_CONVERSION = YES_AGGRESSIVE;
				CLANG_CXX_LANGUAGE_STANDARD = "gnu++14";
				CLANG_CXX_LIBRARY = "libc++";
				CLANG_ENABLE_MODULES = YES;
				CLANG_ENABLE_OBJC_ARC = YES;
				CLANG_ENABLE_OBJC_WEAK = YES;
				CLANG_WARN_BLOCK_CAPTURE_AUTORELEASING = YES;
				CLANG_WARN_BOOL_CONVERSION = YES;
				CLANG_WARN_COMMA = YES;
				CLANG_WARN_CONSTANT_CONVERSION = YES;
				CLANG_WARN_DEPRECATED_OBJC_IMPLEMENTATIONS = YES;
				CLANG_WARN_DIRECT_OBJC_ISA_USAGE = YES_ERROR;
				CLANG_WARN_DOCUMENTATION_COMMENTS = YES;
				CLANG_WARN_EMPTY_BODY = YES;
				CLANG_WARN_ENUM_CONVERSION = YES;
				CLANG_WARN_INFINITE_RECURSION = YES;
				CLANG_WARN_INT_CONVERSION = YES;
				CLANG_WARN_NON_LITERAL_NULL_CONVERSION = YES;
				CLANG_WARN_OBJC_IMPLICIT_RETAIN_SELF = YES;
				CLANG_WARN_OBJC_LITERAL_CONVERSION = YES;
				CLANG_WARN_OBJC_ROOT_CLASS = YES_ERROR;
				CLANG_WARN_RANGE_LOOP_ANALYSIS = YES;
				CLANG_WARN_STRICT_PROTOTYPES = YES;
				CLANG_WARN_SUSPICIOUS_MOVE = YES;
				CLANG_WARN_UNGUARDED_AVAILABILITY = YES_AGGRESSIVE;
				CLANG_WARN_UNREACHABLE_CODE = YES;
				CLANG_WARN__DUPLICATE_METHOD_MATCH = YES;
				CODE_SIGN_IDENTITY = "iPhone Developer";
				COPY_PHASE_STRIP = NO;
				DEBUG_INFORMATION_FORMAT = dwarf;
				ENABLE_STRICT_OBJC_MSGSEND = YES;
				ENABLE_TESTABILITY = YES;
				GCC_C_LANGUAGE_STANDARD = gnu11;
				GCC_DYNAMIC_NO_PIC = NO;
				GCC_NO_COMMON_BLOCKS = YES;
				GCC_OPTIMIZATION_LEVEL = 0;
				GCC_PREPROCESSOR_DEFINITIONS = (
					"DEBUG=1",
					"$(inherited)",
				);
				GCC_WARN_64_TO_32_BIT_CONVERSION = YES;
				GCC_WARN_ABOUT_RETURN_TYPE = YES_ERROR;
				GCC_WARN_UNDECLARED_SELECTOR = YES;
				GCC_WARN_UNINITIALIZED_AUTOS = YES_AGGRESSIVE;
				GCC_WARN_UNUSED_FUNCTION = YES;
				GCC_WARN_UNUSED_VARIABLE = YES;
				IPHONEOS_DEPLOYMENT_TARGET = 11.4;
				MTL_ENABLE_DEBUG_INFO = YES;
				ONLY_ACTIVE_ARCH = YES;
				SDKROOT = iphoneos;
			};
			name = Debug;
		};
		4493A02D20F76A4F004AE81E /* Release */ = {
			isa = XCBuildConfiguration;
			buildSettings = {
				ALWAYS_SEARCH_USER_PATHS = NO;
				CLANG_ANALYZER_NONNULL = YES;
				CLANG_ANALYZER_NUMBER_OBJECT_CONVERSION = YES_AGGRESSIVE;
				CLANG_CXX_LANGUAGE_STANDARD = "gnu++14";
				CLANG_CXX_LIBRARY = "libc++";
				CLANG_ENABLE_MODULES = YES;
				CLANG_ENABLE_OBJC_ARC = YES;
				CLANG_ENABLE_OBJC_WEAK = YES;
				CLANG_WARN_BLOCK_CAPTURE_AUTORELEASING = YES;
				CLANG_WARN_BOOL_CONVERSION = YES;
				CLANG_WARN_COMMA = YES;
				CLANG_WARN_CONSTANT_CONVERSION = YES;
				CLANG_WARN_DEPRECATED_OBJC_IMPLEMENTATIONS = YES;
				CLANG_WARN_DIRECT_OBJC_ISA_USAGE = YES_ERROR;
				CLANG_WARN_DOCUMENTATION_COMMENTS = YES;
				CLANG_WARN_EMPTY_BODY = YES;
				CLANG_WARN_ENUM_CONVERSION = YES;
				CLANG_WARN_INFINITE_RECURSION = YES;
				CLANG_WARN_INT_CONVERSION = YES;
				CLANG_WARN_NON_LITERAL_NULL_CONVERSION = YES;
				CLANG_WARN_OBJC_IMPLICIT_RETAIN_SELF = YES;
				CLANG_WARN_OBJC_LITERAL_CONVERSION = YES;
				CLANG_WARN_OBJC_ROOT_CLASS = YES_ERROR;
				CLANG_WARN_RANGE_LOOP_ANALYSIS = YES;
				CLANG_WARN_STRICT_PROTOTYPES = YES;
				CLANG_WARN_SUSPICIOUS_MOVE = YES;
				CLANG_WARN_UNGUARDED_AVAILABILITY = YES_AGGRESSIVE;
				CLANG_WARN_UNREACHABLE_CODE = YES;
				CLANG_WARN__DUPLICATE_METHOD_MATCH = YES;
				CODE_SIGN_IDENTITY = "iPhone Developer";
				COPY_PHASE_STRIP = NO;
				DEBUG_INFORMATION_FORMAT = "dwarf-with-dsym";
				ENABLE_NS_ASSERTIONS = NO;
				ENABLE_STRICT_OBJC_MSGSEND = YES;
				GCC_C_LANGUAGE_STANDARD = gnu11;
				GCC_NO_COMMON_BLOCKS = YES;
				GCC_WARN_64_TO_32_BIT_CONVERSION = YES;
				GCC_WARN_ABOUT_RETURN_TYPE = YES_ERROR;
				GCC_WARN_UNDECLARED_SELECTOR = YES;
				GCC_WARN_UNINITIALIZED_AUTOS = YES_AGGRESSIVE;
				GCC_WARN_UNUSED_FUNCTION = YES;
				GCC_WARN_UNUSED_VARIABLE = YES;
				IPHONEOS_DEPLOYMENT_TARGET = 11.4;
				MTL_ENABLE_DEBUG_INFO = NO;
				SDKROOT = iphoneos;
				VALIDATE_PRODUCT = YES;
			};
			name = Release;
		};
		4493A02F20F76A4F004AE81E /* Debug */ = {
			isa = XCBuildConfiguration;
			buildSettings = {
				ASSETCATALOG_COMPILER_APPICON_NAME = AppIcon;
				CODE_SIGN_STYLE = Automatic;
				INFOPLIST_FILE = SemaphoreAndBolts/Info.plist;
				LD_RUNPATH_SEARCH_PATHS = (
					"$(inherited)",
					"@executable_path/Frameworks",
				);
				PRODUCT_BUNDLE_IDENTIFIER = lc.SemaphoreAndBolts;
				PRODUCT_NAME = "$(TARGET_NAME)";
				TARGETED_DEVICE_FAMILY = "1,2";
			};
			name = Debug;
		};
		4493A03020F76A4F004AE81E /* Release */ = {
			isa = XCBuildConfiguration;
			buildSettings = {
				ASSETCATALOG_COMPILER_APPICON_NAME = AppIcon;
				CODE_SIGN_STYLE = Automatic;
				INFOPLIST_FILE = SemaphoreAndBolts/Info.plist;
				LD_RUNPATH_SEARCH_PATHS = (
					"$(inherited)",
					"@executable_path/Frameworks",
				);
				PRODUCT_BUNDLE_IDENTIFIER = lc.SemaphoreAndBolts;
				PRODUCT_NAME = "$(TARGET_NAME)";
				TARGETED_DEVICE_FAMILY = "1,2";
			};
			name = Release;
		};
		4493A03220F76A4F004AE81E /* Debug */ = {
			isa = XCBuildConfiguration;
			buildSettings = {
				BUNDLE_LOADER = "$(TEST_HOST)";
				CODE_SIGN_STYLE = Automatic;
				INFOPLIST_FILE = SemaphoreAndBoltsTests/Info.plist;
				LD_RUNPATH_SEARCH_PATHS = (
					"$(inherited)",
					"@executable_path/Frameworks",
					"@loader_path/Frameworks",
				);
				PRODUCT_BUNDLE_IDENTIFIER = lc.SemaphoreAndBoltsTests;
				PRODUCT_NAME = "$(TARGET_NAME)";
				TARGETED_DEVICE_FAMILY = "1,2";
				TEST_HOST = "$(BUILT_PRODUCTS_DIR)/SemaphoreAndBolts.app/SemaphoreAndBolts";
			};
			name = Debug;
		};
		4493A03320F76A4F004AE81E /* Release */ = {
			isa = XCBuildConfiguration;
			buildSettings = {
				BUNDLE_LOADER = "$(TEST_HOST)";
				CODE_SIGN_STYLE = Automatic;
				INFOPLIST_FILE = SemaphoreAndBoltsTests/Info.plist;
				LD_RUNPATH_SEARCH_PATHS = (
					"$(inherited)",
					"@executable_path/Frameworks",
					"@loader_path/Frameworks",
				);
				PRODUCT_BUNDLE_IDENTIFIER = lc.SemaphoreAndBoltsTests;
				PRODUCT_NAME = "$(TARGET_NAME)";
				TARGETED_DEVICE_FAMILY = "1,2";
				TEST_HOST = "$(BUILT_PRODUCTS_DIR)/SemaphoreAndBolts.app/SemaphoreAndBolts";
			};
			name = Release;
		};
		4493A03520F76A4F004AE81E /* Debug */ = {
			isa = XCBuildConfiguration;
			buildSettings = {
				CODE_SIGN_STYLE = Automatic;
				INFOPLIST_FILE = SemaphoreAndBoltsUITests/Info.plist;
				LD_RUNPATH_SEARCH_PATHS = (
					"$(inherited)",
					"@executable_path/Frameworks",
					"@loader_path/Frameworks",
				);
				PRODUCT_BUNDLE_IDENTIFIER = lc.SemaphoreAndBoltsUITests;
				PRODUCT_NAME = "$(TARGET_NAME)";
				TARGETED_DEVICE_FAMILY = "1,2";
				TEST_TARGET_NAME = SemaphoreAndBolts;
			};
			name = Debug;
		};
		4493A03620F76A4F004AE81E /* Release */ = {
			isa = XCBuildConfiguration;
			buildSettings = {
				CODE_SIGN_STYLE = Automatic;
				INFOPLIST_FILE = SemaphoreAndBoltsUITests/Info.plist;
				LD_RUNPATH_SEARCH_PATHS = (
					"$(inherited)",
					"@executable_path/Frameworks",
					"@loader_path/Frameworks",
				);
				PRODUCT_BUNDLE_IDENTIFIER = lc.SemaphoreAndBoltsUITests;
				PRODUCT_NAME = "$(TARGET_NAME)";
				TARGETED_DEVICE_FAMILY = "1,2";
				TEST_TARGET_NAME = SemaphoreAndBolts;
			};
			name = Release;
		};
/* End XCBuildConfiguration section */

/* Begin XCConfigurationList section */
		44939FFD20F76A4C004AE81E /* Build configuration list for PBXProject "SemaphoreAndBolts" */ = {
			isa = XCConfigurationList;
			buildConfigurations = (
				4493A02C20F76A4F004AE81E /* Debug */,
				4493A02D20F76A4F004AE81E /* Release */,
			);
			defaultConfigurationIsVisible = 0;
			defaultConfigurationName = Release;
		};
		4493A02E20F76A4F004AE81E /* Build configuration list for PBXNativeTarget "SemaphoreAndBolts" */ = {
			isa = XCConfigurationList;
			buildConfigurations = (
				4493A02F20F76A4F004AE81E /* Debug */,
				4493A03020F76A4F004AE81E /* Release */,
			);
			defaultConfigurationIsVisible = 0;
			defaultConfigurationName = Release;
		};
		4493A03120F76A4F004AE81E /* Build configuration list for PBXNativeTarget "SemaphoreAndBoltsTests" */ = {
			isa = XCConfigurationList;
			buildConfigurations = (
				4493A03220F76A4F004AE81E /* Debug */,
				4493A03320F76A4F004AE81E /* Release */,
			);
			defaultConfigurationIsVisible = 0;
			defaultConfigurationName = Release;
		};
		4493A03420F76A4F004AE81E /* Build configuration list for PBXNativeTarget "SemaphoreAndBoltsUITests" */ = {
			isa = XCConfigurationList;
			buildConfigurations = (
				4493A03520F76A4F004AE81E /* Debug */,
				4493A03620F76A4F004AE81E /* Release */,
			);
			defaultConfigurationIsVisible = 0;
			defaultConfigurationName = Release;
		};
/* End XCConfigurationList section */
	};
	rootObject = 44939FFA20F76A4C004AE81E /* Project object */;
}
